
Microsoft Visual Studio Solution File, Format Version 12.00
# Visual Studio Version 17
VisualStudioVersion = 17.6.33829.357
MinimumVisualStudioVersion = 10.0.40219.1
Project("{FAE04EC0-301F-11D3-BF4B-00C04F79EFBC}") = "OrgOffering", "OrgOffering\OrgOffering.csproj", "{97D67020-5437-4283-AA78-08ED43D812CE}"
EndProject
Global
	GlobalSection(SolutionConfigurationPlatforms) = preSolution
		Debug|Any CPU = Debug|Any CPU
		Release|Any CPU = Release|Any CPU
	EndGlobalSection
	GlobalSection(ProjectConfigurationPlatforms) = postSolution
		{97D67020-5437-4283-AA78-08ED43D812CE}.Debug|Any CPU.ActiveCfg = Debug|Any CPU
		{97D67020-5437-4283-AA78-08ED43D812CE}.Debug|Any CPU.Build.0 = Debug|Any CPU
		{97D67020-5437-4283-AA78-08ED43D812CE}.Release|Any CPU.ActiveCfg = Release|Any CPU
		{97D67020-5437-4283-AA78-08ED43D812CE}.Release|Any CPU.Build.0 = Release|Any CPU
	EndGlobalSection
	GlobalSection(SolutionProperties) = preSolution
		HideSolutionNode = FALSE
	EndGlobalSection
	GlobalSection(ExtensibilityGlobals) = postSolution
		SolutionGuid = {476458BC-C024-4771-A4AC-75E0F4EF2607}
	EndGlobalSection
EndGlobal
